
Microsoft Visual Studio Solution File, Format Version 12.00
Project("{FAE04EC0-301F-11D3-BF4B-00C04F79EFBC}") = "LyokoAPI", "LyokoAPI\LyokoAPI.csproj", "{EC314DAD-6621-445C-886D-0BEA672C45C2}"
EndProject
Global
	GlobalSection(SolutionConfigurationPlatforms) = preSolution
		Debug|Any CPU = Debug|Any CPU
		Release|Any CPU = Release|Any CPU
	EndGlobalSection
	GlobalSection(ProjectConfigurationPlatforms) = postSolution
		{EC314DAD-6621-445C-886D-0BEA672C45C2}.Debug|Any CPU.ActiveCfg = Debug|Any CPU
		{EC314DAD-6621-445C-886D-0BEA672C45C2}.Debug|Any CPU.Build.0 = Debug|Any CPU
		{EC314DAD-6621-445C-886D-0BEA672C45C2}.Release|Any CPU.ActiveCfg = Release|Any CPU
		{EC314DAD-6621-445C-886D-0BEA672C45C2}.Release|Any CPU.Build.0 = Release|Any CPU
		{EC314DAD-6621-445C-886D-0BEA672C45C2}.Debug|Any CPU.Deploy.0 = Debug|Any CPU
	EndGlobalSection
EndGlobal
